// !$*UTF8*$!
{
	archiveVersion = 1;
	classes = {
	};
	objectVersion = 50;
	objects = {

/* Begin PBXBuildFile section */
		DD37D708218AB19A00388582 /* AppDelegate.swift in Sources */ = {isa = PBXBuildFile; fileRef = DD37D707218AB19A00388582 /* AppDelegate.swift */; };
		DD37D70A218AB19A00388582 /* ViewController.swift in Sources */ = {isa = PBXBuildFile; fileRef = DD37D709218AB19A00388582 /* ViewController.swift */; };
		DD37D70D218AB19A00388582 /* Main.storyboard in Resources */ = {isa = PBXBuildFile; fileRef = DD37D70B218AB19A00388582 /* Main.storyboard */; };
		DD37D70F218AB19F00388582 /* Assets.xcassets in Resources */ = {isa = PBXBuildFile; fileRef = DD37D70E218AB19F00388582 /* Assets.xcassets */; };
		DD37D712218AB19F00388582 /* LaunchScreen.storyboard in Resources */ = {isa = PBXBuildFile; fileRef = DD37D710218AB19F00388582 /* LaunchScreen.storyboard */; };
		DD37D71D218AB19F00388582 /* MEStyleViewTests.swift in Sources */ = {isa = PBXBuildFile; fileRef = DD37D71C218AB19F00388582 /* MEStyleViewTests.swift */; };
/* End PBXBuildFile section */

/* Begin PBXContainerItemProxy section */
		DD37D719218AB19F00388582 /* PBXContainerItemProxy */ = {
			isa = PBXContainerItemProxy;
			containerPortal = DD37D6FC218AB19A00388582 /* Project object */;
			proxyType = 1;
			remoteGlobalIDString = DD37D703218AB19A00388582;
			remoteInfo = MEStyleView;
		};
/* End PBXContainerItemProxy section */

/* Begin PBXFileReference section */
		DD37D704218AB19A00388582 /* MEStyleView.app */ = {isa = PBXFileReference; explicitFileType = wrapper.application; includeInIndex = 0; path = MEStyleView.app; sourceTree = BUILT_PRODUCTS_DIR; };
		DD37D707218AB19A00388582 /* AppDelegate.swift */ = {isa = PBXFileReference; lastKnownFileType = sourcecode.swift; path = AppDelegate.swift; sourceTree = "<group>"; };
		DD37D709218AB19A00388582 /* ViewController.swift */ = {isa = PBXFileReference; lastKnownFileType = sourcecode.swift; path = ViewController.swift; sourceTree = "<group>"; };
		DD37D70C218AB19A00388582 /* Base */ = {isa = PBXFileReference; lastKnownFileType = file.storyboard; name = Base; path = Base.lproj/Main.storyboard; sourceTree = "<group>"; };
		DD37D70E218AB19F00388582 /* Assets.xcassets */ = {isa = PBXFileReference; lastKnownFileType = folder.assetcatalog; path = Assets.xcassets; sourceTree = "<group>"; };
		DD37D711218AB19F00388582 /* Base */ = {isa = PBXFileReference; lastKnownFileType = file.storyboard; name = Base; path = Base.lproj/LaunchScreen.storyboard; sourceTree = "<group>"; };
		DD37D713218AB19F00388582 /* Info.plist */ = {isa = PBXFileReference; lastKnownFileType = text.plist.xml; path = Info.plist; sourceTree = "<group>"; };
		DD37D718218AB19F00388582 /* MEStyleViewTests.xctest */ = {isa = PBXFileReference; explicitFileType = wrapper.cfbundle; includeInIndex = 0; path = MEStyleViewTests.xctest; sourceTree = BUILT_PRODUCTS_DIR; };
		DD37D71C218AB19F00388582 /* MEStyleViewTests.swift */ = {isa = PBXFileReference; lastKnownFileType = sourcecode.swift; path = MEStyleViewTests.swift; sourceTree = "<group>"; };
		DD37D71E218AB19F00388582 /* Info.plist */ = {isa = PBXFileReference; lastKnownFileType = text.plist.xml; path = Info.plist; sourceTree = "<group>"; };
/* End PBXFileReference section */

/* Begin PBXFrameworksBuildPhase section */
		DD37D701218AB19A00388582 /* Frameworks */ = {
			isa = PBXFrameworksBuildPhase;
			buildActionMask = 2147483647;
			files = (
			);
			runOnlyForDeploymentPostprocessing = 0;
		};
		DD37D715218AB19F00388582 /* Frameworks */ = {
			isa = PBXFrameworksBuildPhase;
			buildActionMask = 2147483647;
			files = (
			);
			runOnlyForDeploymentPostprocessing = 0;
		};
/* End PBXFrameworksBuildPhase section */

/* Begin PBXGroup section */
		DD37D6FB218AB19A00388582 = {
			isa = PBXGroup;
			children = (
				DD37D706218AB19A00388582 /* MEStyleView */,
				DD37D71B218AB19F00388582 /* MEStyleViewTests */,
				DD37D705218AB19A00388582 /* Products */,
			);
			sourceTree = "<group>";
		};
		DD37D705218AB19A00388582 /* Products */ = {
			isa = PBXGroup;
			children = (
				DD37D704218AB19A00388582 /* MEStyleView.app */,
				DD37D718218AB19F00388582 /* MEStyleViewTests.xctest */,
			);
			name = Products;
			sourceTree = "<group>";
		};
		DD37D706218AB19A00388582 /* MEStyleView */ = {
			isa = PBXGroup;
			children = (
				DD37D707218AB19A00388582 /* AppDelegate.swift */,
				DD37D709218AB19A00388582 /* ViewController.swift */,
				DD37D70B218AB19A00388582 /* Main.storyboard */,
				DD37D70E218AB19F00388582 /* Assets.xcassets */,
				DD37D710218AB19F00388582 /* LaunchScreen.storyboard */,
				DD37D713218AB19F00388582 /* Info.plist */,
			);
			path = MEStyleView;
			sourceTree = "<group>";
		};
		DD37D71B218AB19F00388582 /* MEStyleViewTests */ = {
			isa = PBXGroup;
			children = (
				DD37D71C218AB19F00388582 /* MEStyleViewTests.swift */,
				DD37D71E218AB19F00388582 /* Info.plist */,
			);
			path = MEStyleViewTests;
			sourceTree = "<group>";
		};
/* End PBXGroup section */

/* Begin PBXNativeTarget section */
		DD37D703218AB19A00388582 /* MEStyleView */ = {
			isa = PBXNativeTarget;
			buildConfigurationList = DD37D721218AB19F00388582 /* Build configuration list for PBXNativeTarget "MEStyleView" */;
			buildPhases = (
				DD37D700218AB19A00388582 /* Sources */,
				DD37D701218AB19A00388582 /* Frameworks */,
				DD37D702218AB19A00388582 /* Resources */,
			);
			buildRules = (
			);
			dependencies = (
			);
			name = MEStyleView;
			productName = MEStyleView;
			productReference = DD37D704218AB19A00388582 /* MEStyleView.app */;
			productType = "com.apple.product-type.application";
		};
		DD37D717218AB19F00388582 /* MEStyleViewTests */ = {
			isa = PBXNativeTarget;
			buildConfigurationList = DD37D724218AB19F00388582 /* Build configuration list for PBXNativeTarget "MEStyleViewTests" */;
			buildPhases = (
				DD37D714218AB19F00388582 /* Sources */,
				DD37D715218AB19F00388582 /* Frameworks */,
				DD37D716218AB19F00388582 /* Resources */,
			);
			buildRules = (
			);
			dependencies = (
				DD37D71A218AB19F00388582 /* PBXTargetDependency */,
			);
			name = MEStyleViewTests;
			productName = MEStyleViewTests;
			productReference = DD37D718218AB19F00388582 /* MEStyleViewTests.xctest */;
			productType = "com.apple.product-type.bundle.unit-test";
		};
/* End PBXNativeTarget section */

/* Begin PBXProject section */
		DD37D6FC218AB19A00388582 /* Project object */ = {
			isa = PBXProject;
			attributes = {
				LastSwiftUpdateCheck = 1000;
				LastUpgradeCheck = 1000;
				ORGANIZATIONNAME = viethq;
				TargetAttributes = {
					DD37D703218AB19A00388582 = {
						CreatedOnToolsVersion = 10.0;
					};
					DD37D717218AB19F00388582 = {
						CreatedOnToolsVersion = 10.0;
						TestTargetID = DD37D703218AB19A00388582;
					};
				};
			};
			buildConfigurationList = DD37D6FF218AB19A00388582 /* Build configuration list for PBXProject "MEStyleView" */;
			compatibilityVersion = "Xcode 9.3";
			developmentRegion = en;
			hasScannedForEncodings = 0;
			knownRegions = (
				en,
				Base,
			);
			mainGroup = DD37D6FB218AB19A00388582;
			productRefGroup = DD37D705218AB19A00388582 /* Products */;
			projectDirPath = "";
			projectRoot = "";
			targets = (
				DD37D703218AB19A00388582 /* MEStyleView */,
				DD37D717218AB19F00388582 /* MEStyleViewTests */,
			);
		};
/* End PBXProject section */

/* Begin PBXResourcesBuildPhase section */
		DD37D702218AB19A00388582 /* Resources */ = {
			isa = PBXResourcesBuildPhase;
			buildActionMask = 2147483647;
			files = (
				DD37D712218AB19F00388582 /* LaunchScreen.storyboard in Resources */,
				DD37D70F218AB19F00388582 /* Assets.xcassets in Resources */,
				DD37D70D218AB19A00388582 /* Main.storyboard in Resources */,
			);
			runOnlyForDeploymentPostprocessing = 0;
		};
		DD37D716218AB19F00388582 /* Resources */ = {
			isa = PBXResourcesBuildPhase;
			buildActionMask = 2147483647;
			files = (
			);
			runOnlyForDeploymentPostprocessing = 0;
		};
/* End PBXResourcesBuildPhase section */

/* Begin PBXSourcesBuildPhase section */
		DD37D700218AB19A00388582 /* Sources */ = {
			isa = PBXSourcesBuildPhase;
			buildActionMask = 2147483647;
			files = (
				DD37D70A218AB19A00388582 /* ViewController.swift in Sources */,
				DD37D708218AB19A00388582 /* AppDelegate.swift in Sources */,
			);
			runOnlyForDeploymentPostprocessing = 0;
		};
		DD37D714218AB19F00388582 /* Sources */ = {
			isa = PBXSourcesBuildPhase;
			buildActionMask = 2147483647;
			files = (
				DD37D71D218AB19F00388582 /* MEStyleViewTests.swift in Sources */,
			);
			runOnlyForDeploymentPostprocessing = 0;
		};
/* End PBXSourcesBuildPhase section */

/* Begin PBXTargetDependency section */
		DD37D71A218AB19F00388582 /* PBXTargetDependency */ = {
			isa = PBXTargetDependency;
			target = DD37D703218AB19A00388582 /* MEStyleView */;
			targetProxy = DD37D719218AB19F00388582 /* PBXContainerItemProxy */;
		};
/* End PBXTargetDependency section */

/* Begin PBXVariantGroup section */
		DD37D70B218AB19A00388582 /* Main.storyboard */ = {
			isa = PBXVariantGroup;
			children = (
				DD37D70C218AB19A00388582 /* Base */,
			);
			name = Main.storyboard;
			sourceTree = "<group>";
		};
		DD37D710218AB19F00388582 /* LaunchScreen.storyboard */ = {
			isa = PBXVariantGroup;
			children = (
				DD37D711218AB19F00388582 /* Base */,
			);
			name = LaunchScreen.storyboard;
			sourceTree = "<group>";
		};
/* End PBXVariantGroup section */

/* Begin XCBuildConfiguration section */
		DD37D71F218AB19F00388582 /* Debug */ = {
			isa = XCBuildConfiguration;
			buildSettings = {
				ALWAYS_SEARCH_USER_PATHS = NO;
				CLANG_ANALYZER_NONNULL = YES;
				CLANG_ANALYZER_NUMBER_OBJECT_CONVERSION = YES_AGGRESSIVE;
				CLANG_CXX_LANGUAGE_STANDARD = "gnu++14";
				CLANG_CXX_LIBRARY = "libc++";
				CLANG_ENABLE_MODULES = YES;
				CLANG_ENABLE_OBJC_ARC = YES;
				CLANG_ENABLE_OBJC_WEAK = YES;
				CLANG_WARN_BLOCK_CAPTURE_AUTORELEASING = YES;
				CLANG_WARN_BOOL_CONVERSION = YES;
				CLANG_WARN_COMMA = YES;
				CLANG_WARN_CONSTANT_CONVERSION = YES;
				CLANG_WARN_DEPRECATED_OBJC_IMPLEMENTATIONS = YES;
				CLANG_WARN_DIRECT_OBJC_ISA_USAGE = YES_ERROR;
				CLANG_WARN_DOCUMENTATION_COMMENTS = YES;
				CLANG_WARN_EMPTY_BODY = YES;
				CLANG_WARN_ENUM_CONVERSION = YES;
				CLANG_WARN_INFINITE_RECURSION = YES;
				CLANG_WARN_INT_CONVERSION = YES;
				CLANG_WARN_NON_LITERAL_NULL_CONVERSION = YES;
				CLANG_WARN_OBJC_IMPLICIT_RETAIN_SELF = YES;
				CLANG_WARN_OBJC_LITERAL_CONVERSION = YES;
				CLANG_WARN_OBJC_ROOT_CLASS = YES_ERROR;
				CLANG_WARN_RANGE_LOOP_ANALYSIS = YES;
				CLANG_WARN_STRICT_PROTOTYPES = YES;
				CLANG_WARN_SUSPICIOUS_MOVE = YES;
				CLANG_WARN_UNGUARDED_AVAILABILITY = YES_AGGRESSIVE;
				CLANG_WARN_UNREACHABLE_CODE = YES;
				CLANG_WARN__DUPLICATE_METHOD_MATCH = YES;
				CODE_SIGN_IDENTITY = "iPhone Developer";
				COPY_PHASE_STRIP = NO;
				DEBUG_INFORMATION_FORMAT = dwarf;
				ENABLE_STRICT_OBJC_MSGSEND = YES;
				ENABLE_TESTABILITY = YES;
				GCC_C_LANGUAGE_STANDARD = gnu11;
				GCC_DYNAMIC_NO_PIC = NO;
				GCC_NO_COMMON_BLOCKS = YES;
				GCC_OPTIMIZATION_LEVEL = 0;
				GCC_PREPROCESSOR_DEFINITIONS = (
					"DEBUG=1",
					"$(inherited)",
				);
				GCC_WARN_64_TO_32_BIT_CONVERSION = YES;
				GCC_WARN_ABOUT_RETURN_TYPE = YES_ERROR;
				GCC_WARN_UNDECLARED_SELECTOR = YES;
				GCC_WARN_UNINITIALIZED_AUTOS = YES_AGGRESSIVE;
				GCC_WARN_UNUSED_FUNCTION = YES;
				GCC_WARN_UNUSED_VARIABLE = YES;
				IPHONEOS_DEPLOYMENT_TARGET = 12.0;
				MTL_ENABLE_DEBUG_INFO = INCLUDE_SOURCE;
				MTL_FAST_MATH = YES;
				ONLY_ACTIVE_ARCH = YES;
				SDKROOT = iphoneos;
				SWIFT_ACTIVE_COMPILATION_CONDITIONS = DEBUG;
				SWIFT_OPTIMIZATION_LEVEL = "-Onone";
			};
			name = Debug;
		};
		DD37D720218AB19F00388582 /* Release */ = {
			isa = XCBuildConfiguration;
			buildSettings = {
				ALWAYS_SEARCH_USER_PATHS = NO;
				CLANG_ANALYZER_NONNULL = YES;
				CLANG_ANALYZER_NUMBER_OBJECT_CONVERSION = YES_AGGRESSIVE;
				CLANG_CXX_LANGUAGE_STANDARD = "gnu++14";
				CLANG_CXX_LIBRARY = "libc++";
				CLANG_ENABLE_MODULES = YES;
				CLANG_ENABLE_OBJC_ARC = YES;
				CLANG_ENABLE_OBJC_WEAK = YES;
				CLANG_WARN_BLOCK_CAPTURE_AUTORELEASING = YES;
				CLANG_WARN_BOOL_CONVERSION = YES;
				CLANG_WARN_COMMA = YES;
				CLANG_WARN_CONSTANT_CONVERSION = YES;
				CLANG_WARN_DEPRECATED_OBJC_IMPLEMENTATIONS = YES;
				CLANG_WARN_DIRECT_OBJC_ISA_USAGE = YES_ERROR;
				CLANG_WARN_DOCUMENTATION_COMMENTS = YES;
				CLANG_WARN_EMPTY_BODY = YES;
				CLANG_WARN_ENUM_CONVERSION = YES;
				CLANG_WARN_INFINITE_RECURSION = YES;
				CLANG_WARN_INT_CONVERSION = YES;
				CLANG_WARN_NON_LITERAL_NULL_CONVERSION = YES;
				CLANG_WARN_OBJC_IMPLICIT_RETAIN_SELF = YES;
				CLANG_WARN_OBJC_LITERAL_CONVERSION = YES;
				CLANG_WARN_OBJC_ROOT_CLASS = YES_ERROR;
				CLANG_WARN_RANGE_LOOP_ANALYSIS = YES;
				CLANG_WARN_STRICT_PROTOTYPES = YES;
				CLANG_WARN_SUSPICIOUS_MOVE = YES;
				CLANG_WARN_UNGUARDED_AVAILABILITY = YES_AGGRESSIVE;
				CLANG_WARN_UNREACHABLE_CODE = YES;
				CLANG_WARN__DUPLICATE_METHOD_MATCH = YES;
				CODE_SIGN_IDENTITY = "iPhone Developer";
				COPY_PHASE_STRIP = NO;
				DEBUG_INFORMATION_FORMAT = "dwarf-with-dsym";
				ENABLE_NS_ASSERTIONS = NO;
				ENABLE_STRICT_OBJC_MSGSEND = YES;
				GCC_C_LANGUAGE_STANDARD = gnu11;
				GCC_NO_COMMON_BLOCKS = YES;
				GCC_WARN_64_TO_32_BIT_CONVERSION = YES;
				GCC_WARN_ABOUT_RETURN_TYPE = YES_ERROR;
				GCC_WARN_UNDECLARED_SELECTOR = YES;
				GCC_WARN_UNINITIALIZED_AUTOS = YES_AGGRESSIVE;
				GCC_WARN_UNUSED_FUNCTION = YES;
				GCC_WARN_UNUSED_VARIABLE = YES;
				IPHONEOS_DEPLOYMENT_TARGET = 12.0;
				MTL_ENABLE_DEBUG_INFO = NO;
				MTL_FAST_MATH = YES;
				SDKROOT = iphoneos;
				SWIFT_COMPILATION_MODE = wholemodule;
				SWIFT_OPTIMIZATION_LEVEL = "-O";
				VALIDATE_PRODUCT = YES;
			};
			name = Release;
		};
		DD37D722218AB19F00388582 /* Debug */ = {
			isa = XCBuildConfiguration;
			buildSettings = {
				ASSETCATALOG_COMPILER_APPICON_NAME = AppIcon;
				CODE_SIGN_STYLE = Automatic;
				INFOPLIST_FILE = MEStyleView/Info.plist;
				LD_RUNPATH_SEARCH_PATHS = (
					"$(inherited)",
					"@executable_path/Frameworks",
				);
				PRODUCT_BUNDLE_IDENTIFIER = me.viethq.MEStyleView;
				PRODUCT_NAME = "$(TARGET_NAME)";
				SWIFT_VERSION = 4.2;
				TARGETED_DEVICE_FAMILY = "1,2";
			};
			name = Debug;
		};
		DD37D723218AB19F00388582 /* Release */ = {
			isa = XCBuildConfiguration;
			buildSettings = {
				ASSETCATALOG_COMPILER_APPICON_NAME = AppIcon;
				CODE_SIGN_STYLE = Automatic;
				INFOPLIST_FILE = MEStyleView/Info.plist;
				LD_RUNPATH_SEARCH_PATHS = (
					"$(inherited)",
					"@executable_path/Frameworks",
				);
				PRODUCT_BUNDLE_IDENTIFIER = me.viethq.MEStyleView;
				PRODUCT_NAME = "$(TARGET_NAME)";
				SWIFT_VERSION = 4.2;
				TARGETED_DEVICE_FAMILY = "1,2";
			};
			name = Release;
		};
		DD37D725218AB19F00388582 /* Debug */ = {
			isa = XCBuildConfiguration;
			buildSettings = {
				ALWAYS_EMBED_SWIFT_STANDARD_LIBRARIES = YES;
				BUNDLE_LOADER = "$(TEST_HOST)";
				CODE_SIGN_STYLE = Automatic;
				INFOPLIST_FILE = MEStyleViewTests/Info.plist;
				LD_RUNPATH_SEARCH_PATHS = (
					"$(inherited)",
					"@executable_path/Frameworks",
					"@loader_path/Frameworks",
				);
				PRODUCT_BUNDLE_IDENTIFIER = me.viethq.MEStyleViewTests;
				PRODUCT_NAME = "$(TARGET_NAME)";
				SWIFT_VERSION = 4.2;
				TARGETED_DEVICE_FAMILY = "1,2";
				TEST_HOST = "$(BUILT_PRODUCTS_DIR)/MEStyleView.app/MEStyleView";
			};
			name = Debug;
		};
		DD37D726218AB19F00388582 /* Release */ = {
			isa = XCBuildConfiguration;
			buildSettings = {
				ALWAYS_EMBED_SWIFT_STANDARD_LIBRARIES = YES;
				BUNDLE_LOADER = "$(TEST_HOST)";
				CODE_SIGN_STYLE = Automatic;
				INFOPLIST_FILE = MEStyleViewTests/Info.plist;
				LD_RUNPATH_SEARCH_PATHS = (
					"$(inherited)",
					"@executable_path/Frameworks",
					"@loader_path/Frameworks",
				);
				PRODUCT_BUNDLE_IDENTIFIER = me.viethq.MEStyleViewTests;
				PRODUCT_NAME = "$(TARGET_NAME)";
				SWIFT_VERSION = 4.2;
				TARGETED_DEVICE_FAMILY = "1,2";
				TEST_HOST = "$(BUILT_PRODUCTS_DIR)/MEStyleView.app/MEStyleView";
			};
			name = Release;
		};
/* End XCBuildConfiguration section */

/* Begin XCConfigurationList section */
		DD37D6FF218AB19A00388582 /* Build configuration list for PBXProject "MEStyleView" */ = {
			isa = XCConfigurationList;
			buildConfigurations = (
				DD37D71F218AB19F00388582 /* Debug */,
				DD37D720218AB19F00388582 /* Release */,
			);
			defaultConfigurationIsVisible = 0;
			defaultConfigurationName = Release;
		};
		DD37D721218AB19F00388582 /* Build configuration list for PBXNativeTarget "MEStyleView" */ = {
			isa = XCConfigurationList;
			buildConfigurations = (
				DD37D722218AB19F00388582 /* Debug */,
				DD37D723218AB19F00388582 /* Release */,
			);
			defaultConfigurationIsVisible = 0;
			defaultConfigurationName = Release;
		};
		DD37D724218AB19F00388582 /* Build configuration list for PBXNativeTarget "MEStyleViewTests" */ = {
			isa = XCConfigurationList;
			buildConfigurations = (
				DD37D725218AB19F00388582 /* Debug */,
				DD37D726218AB19F00388582 /* Release */,
			);
			defaultConfigurationIsVisible = 0;
			defaultConfigurationName = Release;
		};
/* End XCConfigurationList section */
	};
	rootObject = DD37D6FC218AB19A00388582 /* Project object */;
}
